<?xml version="1.0" encoding="UTF-8" standalone="yes" ?>
<CodeBlocks_project_file>
	<FileVersion major="1" minor="6" />
	<Project>
		<Option title="TrabalhoFilas" />
		<Option pch_mode="2" />
		<Option compiler="gcc" />
		<Build>
			<Target title="default">
				<Option output="TrabalhoFilas" prefix_auto="1" extension_auto="1" />
				<Option type="1" />
				<Option compiler="gcc" />
			</Target>
		</Build>
		<Unit filename="Fila.c">
			<Option compilerVar="CC" />
		</Unit>
		<Unit filename="Fila.h">
			<Option compilerVar="CC" />
		</Unit>
		<Unit filename="Pilha.c">
			<Option compilerVar="CC" />
		</Unit>
		<Unit filename="Pilha.h">
			<Option compilerVar="CC" />
		</Unit>
		<Unit filename="main.c">
			<Option compilerVar="CC" />
		</Unit>
		<Unit filename="matriz.txt" />
		<Extensions />
	</Project>
</CodeBlocks_project_file>
